
Microsoft Visual Studio Solution File, Format Version 12.00
# Visual Studio Version 17
VisualStudioVersion = 17.11.35327.3
MinimumVisualStudioVersion = 10.0.40219.1
Project("{9A19103F-16F7-4668-BE54-9A1E7A4F7556}") = "ProductService", "src\ProductService\ProductService.csproj", "{AF650915-BDCB-4A3E-B36E-685D5C7ECD03}"
EndProject
Global
	GlobalSection(SolutionConfigurationPlatforms) = preSolution
		Debug|Any CPU = Debug|Any CPU
		Release|Any CPU = Release|Any CPU
	EndGlobalSection
	GlobalSection(ProjectConfigurationPlatforms) = postSolution
		{AF650915-BDCB-4A3E-B36E-685D5C7ECD03}.Debug|Any CPU.ActiveCfg = Debug|Any CPU
		{AF650915-BDCB-4A3E-B36E-685D5C7ECD03}.Debug|Any CPU.Build.0 = Debug|Any CPU
		{AF650915-BDCB-4A3E-B36E-685D5C7ECD03}.Release|Any CPU.ActiveCfg = Release|Any CPU
		{AF650915-BDCB-4A3E-B36E-685D5C7ECD03}.Release|Any CPU.Build.0 = Release|Any CPU
	EndGlobalSection
	GlobalSection(SolutionProperties) = preSolution
		HideSolutionNode = FALSE
	EndGlobalSection
	GlobalSection(ExtensibilityGlobals) = postSolution
		SolutionGuid = {A1D669BE-3659-457C-A3C5-B45F119A6033}
	EndGlobalSection
EndGlobal
